{
  "name": "businesssite",
  "version": "1.0.0",
  "lockfileVersion": 2,
  "requires": true,
  "packages": {
    "": {
      "name": "businesssite",
      "version": "1.0.0",
      "license": "ISC",
      "dependencies": {
        "@fortawesome/fontawesome-free": "^5.15.4",
        "bower": "^1.8.13"
      }
    },
    "node_modules/@fortawesome/fontawesome-free": {
      "version": "5.15.4",
      "resolved": "https://registry.npmjs.org/@fortawesome/fontawesome-free/-/fontawesome-free-5.15.4.tgz",
      "integrity": "sha512-eYm8vijH/hpzr/6/1CJ/V/Eb1xQFW2nnUKArb3z+yUWv7HTwj6M7SP957oMjfZjAHU6qpoNc2wQvIxBLWYa/Jg==",
      "hasInstallScript": true,
      "engines": {
        "node": ">=6"
      }
    },
    "node_modules/bower": {
      "version": "1.8.13",
      "resolved": "https://registry.npmjs.org/bower/-/bower-1.8.13.tgz",
      "integrity": "sha512-8eWko16JlCTdaZZG70kddHPed17pHEbH8/IjfP4IFkQsfEqRsyNM09Dc8cDBFkSvtQ/2lTea7A+bMhRggG2a+Q==",
      "bin": {
        "bower": "bin/bower"
      },
      "engines": {
        "node": ">=0.10.0"
      }
    }
  },
  "dependencies": {
    "@fortawesome/fontawesome-free": {
      "version": "5.15.4",
      "resolved": "https://registry.npmjs.org/@fortawesome/fontawesome-free/-/fontawesome-free-5.15.4.tgz",
      "integrity": "sha512-eYm8vijH/hpzr/6/1CJ/V/Eb1xQFW2nnUKArb3z+yUWv7HTwj6M7SP957oMjfZjAHU6qpoNc2wQvIxBLWYa/Jg=="
    },
    "bower": {
      "version": "1.8.13",
      "resolved": "https://registry.npmjs.org/bower/-/bower-1.8.13.tgz",
      "integrity": "sha512-8eWko16JlCTdaZZG70kddHPed17pHEbH8/IjfP4IFkQsfEqRsyNM09Dc8cDBFkSvtQ/2lTea7A+bMhRggG2a+Q=="
    }
  }
}
